PODS:
  - pop (1.0.10)

DEPENDENCIES:
  - pop (from `/Users/xxtstudio/ThirdPartGit/pop/`)

EXTERNAL SOURCES:
  pop:
    :path: /Users/xxtstudio/ThirdPartGit/pop/

SPEC CHECKSUMS:
  pop: 2b057ae55964af263bea39e4b0a685f95c6fe66f

PODFILE CHECKSUM: e498f78f1b5183fc8abca69d96b18b81be521fef

COCOAPODS: 1.4.0.beta.2
