// !$*UTF8*$!
{
	archiveVersion = 1;
	classes = {
	};
	objectVersion = 48;
	objects = {

/* Begin PBXBuildFile section */
		F956042F2021D57900C62C7C /* PDSectionHeadView.m in Sources */ = {isa = PBXBuildFile; fileRef = F956042E2021D57900C62C7C /* PDSectionHeadView.m */; };
		F9B843282004E80800A525EC /* CGView0.m in Sources */ = {isa = PBXBuildFile; fileRef = F9B843222004E80700A525EC /* CGView0.m */; };
		F9B843292004E80800A525EC /* CGViewController.m in Sources */ = {isa = PBXBuildFile; fileRef = F9B843242004E80700A525EC /* CGViewController.m */; };
		F9B8432D2004E82E00A525EC /* NetRequestViewController.m in Sources */ = {isa = PBXBuildFile; fileRef = F9B8432C2004E82E00A525EC /* NetRequestViewController.m */; };
		F9B843312005BE8A00A525EC /* RSPlayPauseButton.m in Sources */ = {isa = PBXBuildFile; fileRef = F9B843302005BE8A00A525EC /* RSPlayPauseButton.m */; };
		F9B843342005C6BC00A525EC /* RSAnimateViewController.m in Sources */ = {isa = PBXBuildFile; fileRef = F9B843332005C6BC00A525EC /* RSAnimateViewController.m */; };
		F9B844B42006277100A525EC /* PopAnimationViewController.m in Sources */ = {isa = PBXBuildFile; fileRef = F9B844B32006277100A525EC /* PopAnimationViewController.m */; };
		F9B84559200628FE00A525EC /* pop-ios-Info.plist in Resources */ = {isa = PBXBuildFile; fileRef = F9B84521200628FE00A525EC /* pop-ios-Info.plist */; };
		F9B8455A200628FE00A525EC /* pop-osx-Info.plist in Resources */ = {isa = PBXBuildFile; fileRef = F9B84522200628FE00A525EC /* pop-osx-Info.plist */; };
		F9B8455B200628FE00A525EC /* pop-tvos-Info.plist in Resources */ = {isa = PBXBuildFile; fileRef = F9B84523200628FE00A525EC /* pop-tvos-Info.plist */; };
		F9B8455C200628FE00A525EC /* POPAnimatableProperty.mm in Sources */ = {isa = PBXBuildFile; fileRef = F9B84527200628FE00A525EC /* POPAnimatableProperty.mm */; };
		F9B8455D200628FE00A525EC /* POPAnimation.mm in Sources */ = {isa = PBXBuildFile; fileRef = F9B8452A200628FE00A525EC /* POPAnimation.mm */; };
		F9B8455E200628FE00A525EC /* POPAnimationEvent.mm in Sources */ = {isa = PBXBuildFile; fileRef = F9B8452C200628FE00A525EC /* POPAnimationEvent.mm */; };
		F9B8455F200628FE00A525EC /* POPAnimationExtras.mm in Sources */ = {isa = PBXBuildFile; fileRef = F9B8452F200628FE00A525EC /* POPAnimationExtras.mm */; };
		F9B84560200628FE00A525EC /* POPAnimationRuntime.mm in Sources */ = {isa = PBXBuildFile; fileRef = F9B84533200628FE00A525EC /* POPAnimationRuntime.mm */; };
		F9B84561200628FE00A525EC /* POPAnimationTracer.mm in Sources */ = {isa = PBXBuildFile; fileRef = F9B84535200628FE00A525EC /* POPAnimationTracer.mm */; };
		F9B84562200628FE00A525EC /* POPAnimator.mm in Sources */ = {isa = PBXBuildFile; fileRef = F9B84538200628FE00A525EC /* POPAnimator.mm */; };
		F9B84563200628FE00A525EC /* POPBasicAnimation.mm in Sources */ = {isa = PBXBuildFile; fileRef = F9B8453B200628FE00A525EC /* POPBasicAnimation.mm */; };
		F9B84564200628FE00A525EC /* POPCGUtils.mm in Sources */ = {isa = PBXBuildFile; fileRef = F9B8453E200628FE00A525EC /* POPCGUtils.mm */; };
		F9B84565200628FE00A525EC /* POPCustomAnimation.mm in Sources */ = {isa = PBXBuildFile; fileRef = F9B84540200628FE00A525EC /* POPCustomAnimation.mm */; };
		F9B84566200628FE00A525EC /* POPDecayAnimation.mm in Sources */ = {isa = PBXBuildFile; fileRef = F9B84542200628FE00A525EC /* POPDecayAnimation.mm */; };
		F9B84567200628FE00A525EC /* POPGeometry.mm in Sources */ = {isa = PBXBuildFile; fileRef = F9B84546200628FE00A525EC /* POPGeometry.mm */; };
		F9B84568200628FE00A525EC /* POPLayerExtras.mm in Sources */ = {isa = PBXBuildFile; fileRef = F9B84548200628FE00A525EC /* POPLayerExtras.mm */; };
		F9B84569200628FE00A525EC /* POPMath.mm in Sources */ = {isa = PBXBuildFile; fileRef = F9B8454A200628FE00A525EC /* POPMath.mm */; };
		F9B8456A200628FE00A525EC /* POPPropertyAnimation.mm in Sources */ = {isa = PBXBuildFile; fileRef = F9B8454C200628FE00A525EC /* POPPropertyAnimation.mm */; };
		F9B8456B200628FE00A525EC /* POPSpringAnimation.mm in Sources */ = {isa = PBXBuildFile; fileRef = F9B8454F200628FE00A525EC /* POPSpringAnimation.mm */; };
		F9B8456C200628FE00A525EC /* POPVector.mm in Sources */ = {isa = PBXBuildFile; fileRef = F9B84553200628FE00A525EC /* POPVector.mm */; };
		F9B8456D200628FE00A525EC /* TransformationMatrix.cpp in Sources */ = {isa = PBXBuildFile; fileRef = F9B84556200628FE00A525EC /* TransformationMatrix.cpp */; };
		F9B8457020063FAA00A525EC /* UIBezierPath+Points.m in Sources */ = {isa = PBXBuildFile; fileRef = F9B8456F20063FAA00A525EC /* UIBezierPath+Points.m */; };
		F9EF5CDE1FCD54BB00413894 /* AppDelegate.m in Sources */ = {isa = PBXBuildFile; fileRef = F9EF5CDD1FCD54BB00413894 /* AppDelegate.m */; };
		F9EF5CE11FCD54BB00413894 /* ViewController.m in Sources */ = {isa = PBXBuildFile; fileRef = F9EF5CE01FCD54BB00413894 /* ViewController.m */; };
		F9EF5CE41FCD54BB00413894 /* Main.storyboard in Resources */ = {isa = PBXBuildFile; fileRef = F9EF5CE21FCD54BB00413894 /* Main.storyboard */; };
		F9EF5CE61FCD54BB00413894 /* Assets.xcassets in Resources */ = {isa = PBXBuildFile; fileRef = F9EF5CE51FCD54BB00413894 /* Assets.xcassets */; };
		F9EF5CE91FCD54BB00413894 /* LaunchScreen.storyboard in Resources */ = {isa = PBXBuildFile; fileRef = F9EF5CE71FCD54BB00413894 /* LaunchScreen.storyboard */; };
		F9EF5CEC1FCD54BB00413894 /* main.m in Sources */ = {isa = PBXBuildFile; fileRef = F9EF5CEB1FCD54BB00413894 /* main.m */; };
		F9EF5CF91FCD54CE00413894 /* CustomCollectionLayoutController.m in Sources */ = {isa = PBXBuildFile; fileRef = F9EF5CF51FCD54CE00413894 /* CustomCollectionLayoutController.m */; };
		F9EF5CFE1FCD551A00413894 /* CollectionViewCell.m in Sources */ = {isa = PBXBuildFile; fileRef = F9EF5CFC1FCD551A00413894 /* CollectionViewCell.m */; };
		F9EF5CFF1FCD551A00413894 /* CollectionViewCell.xib in Resources */ = {isa = PBXBuildFile; fileRef = F9EF5CFD1FCD551A00413894 /* CollectionViewCell.xib */; };
		F9F63B5B1FCD87BE00000C12 /* CircleLayout.m in Sources */ = {isa = PBXBuildFile; fileRef = F9F63B501FCD87BE00000C12 /* CircleLayout.m */; };
		F9F63B5C1FCD87BE00000C12 /* CustomCollectionViewLayout.m in Sources */ = {isa = PBXBuildFile; fileRef = F9F63B521FCD87BE00000C12 /* CustomCollectionViewLayout.m */; };
		F9F63B5D1FCD87BE00000C12 /* CustomFlowLayout.m in Sources */ = {isa = PBXBuildFile; fileRef = F9F63B541FCD87BE00000C12 /* CustomFlowLayout.m */; };
		F9F63B5E1FCD87BE00000C12 /* CustomFlowLayout2.m in Sources */ = {isa = PBXBuildFile; fileRef = F9F63B561FCD87BE00000C12 /* CustomFlowLayout2.m */; };
		F9F63B5F1FCD87BE00000C12 /* SquareLayout.m in Sources */ = {isa = PBXBuildFile; fileRef = F9F63B581FCD87BE00000C12 /* SquareLayout.m */; };
		F9F63B601FCD87BE00000C12 /* WaterFlowLayout.m in Sources */ = {isa = PBXBuildFile; fileRef = F9F63B5A1FCD87BE00000C12 /* WaterFlowLayout.m */; };
/* End PBXBuildFile section */

/* Begin PBXFileReference section */
		6022D93180376ECECA6C39C5 /* libPods-TestCollectionLayout.a */ = {isa = PBXFileReference; explicitFileType = archive.ar; includeInIndex = 0; path = "libPods-TestCollectionLayout.a"; sourceTree = BUILT_PRODUCTS_DIR; };
		F956042D2021D57900C62C7C /* PDSectionHeadView.h */ = {isa = PBXFileReference; fileEncoding = 4; lastKnownFileType = sourcecode.c.h; path = PDSectionHeadView.h; sourceTree = "<group>"; };
		F956042E2021D57900C62C7C /* PDSectionHeadView.m */ = {isa = PBXFileReference; fileEncoding = 4; lastKnownFileType = sourcecode.c.objc; path = PDSectionHeadView.m; sourceTree = "<group>"; };
		F9B843212004E80700A525EC /* CGView0.h */ = {isa = PBXFileReference; fileEncoding = 4; lastKnownFileType = sourcecode.c.h; path = CGView0.h; sourceTree = "<group>"; };
		F9B843222004E80700A525EC /* CGView0.m */ = {isa = PBXFileReference; fileEncoding = 4; lastKnownFileType = sourcecode.c.objc; path = CGView0.m; sourceTree = "<group>"; };
		F9B843232004E80700A525EC /* CGViewController.h */ = {isa = PBXFileReference; fileEncoding = 4; lastKnownFileType = sourcecode.c.h; path = CGViewController.h; sourceTree = "<group>"; };
		F9B843242004E80700A525EC /* CGViewController.m */ = {isa = PBXFileReference; fileEncoding = 4; lastKnownFileType = sourcecode.c.objc; path = CGViewController.m; sourceTree = "<group>"; };
		F9B8432B2004E82E00A525EC /* NetRequestViewController.h */ = {isa = PBXFileReference; lastKnownFileType = sourcecode.c.h; path = NetRequestViewController.h; sourceTree = "<group>"; };
		F9B8432C2004E82E00A525EC /* NetRequestViewController.m */ = {isa = PBXFileReference; lastKnownFileType = sourcecode.c.objc; path = NetRequestViewController.m; sourceTree = "<group>"; };
		F9B8432F2005BE8A00A525EC /* RSPlayPauseButton.h */ = {isa = PBXFileReference; lastKnownFileType = sourcecode.c.h; path = RSPlayPauseButton.h; sourceTree = "<group>"; };
		F9B843302005BE8A00A525EC /* RSPlayPauseButton.m */ = {isa = PBXFileReference; lastKnownFileType = sourcecode.c.objc; path = RSPlayPauseButton.m; sourceTree = "<group>"; };
		F9B843322005C6BC00A525EC /* RSAnimateViewController.h */ = {isa = PBXFileReference; lastKnownFileType = sourcecode.c.h; path = RSAnimateViewController.h; sourceTree = "<group>"; };
		F9B843332005C6BC00A525EC /* RSAnimateViewController.m */ = {isa = PBXFileReference; lastKnownFileType = sourcecode.c.objc; path = RSAnimateViewController.m; sourceTree = "<group>"; };
		F9B844B22006277100A525EC /* PopAnimationViewController.h */ = {isa = PBXFileReference; lastKnownFileType = sourcecode.c.h; path = PopAnimationViewController.h; sourceTree = "<group>"; };
		F9B844B32006277100A525EC /* PopAnimationViewController.m */ = {isa = PBXFileReference; lastKnownFileType = sourcecode.c.objc; path = PopAnimationViewController.m; sourceTree = "<group>"; };
		F9B84520200628FE00A525EC /* module.modulemap */ = {isa = PBXFileReference; fileEncoding = 4; lastKnownFileType = "sourcecode.module-map"; path = module.modulemap; sourceTree = "<group>"; };
		F9B84521200628FE00A525EC /* pop-ios-Info.plist */ = {isa = PBXFileReference; fileEncoding = 4; lastKnownFileType = text.plist.xml; path = "pop-ios-Info.plist"; sourceTree = "<group>"; };
		F9B84522200628FE00A525EC /* pop-osx-Info.plist */ = {isa = PBXFileReference; fileEncoding = 4; lastKnownFileType = text.plist.xml; path = "pop-osx-Info.plist"; sourceTree = "<group>"; };
		F9B84523200628FE00A525EC /* pop-tvos-Info.plist */ = {isa = PBXFileReference; fileEncoding = 4; lastKnownFileType = text.plist.xml; path = "pop-tvos-Info.plist"; sourceTree = "<group>"; };
		F9B84524200628FE00A525EC /* POP.h */ = {isa = PBXFileReference; fileEncoding = 4; lastKnownFileType = sourcecode.c.h; path = POP.h; sourceTree = "<group>"; };
		F9B84525200628FE00A525EC /* POPAction.h */ = {isa = PBXFileReference; fileEncoding = 4; lastKnownFileType = sourcecode.c.h; path = POPAction.h; sourceTree = "<group>"; };
		F9B84526200628FE00A525EC /* POPAnimatableProperty.h */ = {isa = PBXFileReference; fileEncoding = 4; lastKnownFileType = sourcecode.c.h; path = POPAnimatableProperty.h; sourceTree = "<group>"; };
		F9B84527200628FE00A525EC /* POPAnimatableProperty.mm */ = {isa = PBXFileReference; fileEncoding = 4; lastKnownFileType = sourcecode.cpp.objcpp; path = POPAnimatableProperty.mm; sourceTree = "<group>"; };
		F9B84528200628FE00A525EC /* POPAnimatablePropertyTypes.h */ = {isa = PBXFileReference; fileEncoding = 4; lastKnownFileType = sourcecode.c.h; path = POPAnimatablePropertyTypes.h; sourceTree = "<group>"; };
		F9B84529200628FE00A525EC /* POPAnimation.h */ = {isa = PBXFileReference; fileEncoding = 4; lastKnownFileType = sourcecode.c.h; path = POPAnimation.h; sourceTree = "<group>"; };
		F9B8452A200628FE00A525EC /* POPAnimation.mm */ = {isa = PBXFileReference; fileEncoding = 4; lastKnownFileType = sourcecode.cpp.objcpp; path = POPAnimation.mm; sourceTree = "<group>"; };
		F9B8452B200628FE00A525EC /* POPAnimationEvent.h */ = {isa = PBXFileReference; fileEncoding = 4; lastKnownFileType = sourcecode.c.h; path = POPAnimationEvent.h; sourceTree = "<group>"; };
		F9B8452C200628FE00A525EC /* POPAnimationEvent.mm */ = {isa = PBXFileReference; fileEncoding = 4; lastKnownFileType = sourcecode.cpp.objcpp; path = POPAnimationEvent.mm; sourceTree = "<group>"; };
		F9B8452D200628FE00A525EC /* POPAnimationEventInternal.h */ = {isa = PBXFileReference; fileEncoding = 4; lastKnownFileType = sourcecode.c.h; path = POPAnimationEventInternal.h; sourceTree = "<group>"; };
		F9B8452E200628FE00A525EC /* POPAnimationExtras.h */ = {isa = PBXFileReference; fileEncoding = 4; lastKnownFileType = sourcecode.c.h; path = POPAnimationExtras.h; sourceTree = "<group>"; };
		F9B8452F200628FE00A525EC /* POPAnimationExtras.mm */ = {isa = PBXFileReference; fileEncoding = 4; lastKnownFileType = sourcecode.cpp.objcpp; path = POPAnimationExtras.mm; sourceTree = "<group>"; };
		F9B84530200628FE00A525EC /* POPAnimationInternal.h */ = {isa = PBXFileReference; fileEncoding = 4; lastKnownFileType = sourcecode.c.h; path = POPAnimationInternal.h; sourceTree = "<group>"; };
		F9B84531200628FE00A525EC /* POPAnimationPrivate.h */ = {isa = PBXFileReference; fileEncoding = 4; lastKnownFileType = sourcecode.c.h; path = POPAnimationPrivate.h; sourceTree = "<group>"; };
		F9B84532200628FE00A525EC /* POPAnimationRuntime.h */ = {isa = PBXFileReference; fileEncoding = 4; lastKnownFileType = sourcecode.c.h; path = POPAnimationRuntime.h; sourceTree = "<group>"; };
		F9B84533200628FE00A525EC /* POPAnimationRuntime.mm */ = {isa = PBXFileReference; fileEncoding = 4; lastKnownFileType = sourcecode.cpp.objcpp; path = POPAnimationRuntime.mm; sourceTree = "<group>"; };
		F9B84534200628FE00A525EC /* POPAnimationTracer.h */ = {isa = PBXFileReference; fileEncoding = 4; lastKnownFileType = sourcecode.c.h; path = POPAnimationTracer.h; sourceTree = "<group>"; };
		F9B84535200628FE00A525EC /* POPAnimationTracer.mm */ = {isa = PBXFileReference; fileEncoding = 4; lastKnownFileType = sourcecode.cpp.objcpp; path = POPAnimationTracer.mm; sourceTree = "<group>"; };
		F9B84536200628FE00A525EC /* POPAnimationTracerInternal.h */ = {isa = PBXFileReference; fileEncoding = 4; lastKnownFileType = sourcecode.c.h; path = POPAnimationTracerInternal.h; sourceTree = "<group>"; };
		F9B84537200628FE00A525EC /* POPAnimator.h */ = {isa = PBXFileReference; fileEncoding = 4; lastKnownFileType = sourcecode.c.h; path = POPAnimator.h; sourceTree = "<group>"; };
		F9B84538200628FE00A525EC /* POPAnimator.mm */ = {isa = PBXFileReference; fileEncoding = 4; lastKnownFileType = sourcecode.cpp.objcpp; path = POPAnimator.mm; sourceTree = "<group>"; };
		F9B84539200628FE00A525EC /* POPAnimatorPrivate.h */ = {isa = PBXFileReference; fileEncoding = 4; lastKnownFileType = sourcecode.c.h; path = POPAnimatorPrivate.h; sourceTree = "<group>"; };
		F9B8453A200628FE00A525EC /* POPBasicAnimation.h */ = {isa = PBXFileReference; fileEncoding = 4; lastKnownFileType = sourcecode.c.h; path = POPBasicAnimation.h; sourceTree = "<group>"; };
		F9B8453B200628FE00A525EC /* POPBasicAnimation.mm */ = {isa = PBXFileReference; fileEncoding = 4; lastKnownFileType = sourcecode.cpp.objcpp; path = POPBasicAnimation.mm; sourceTree = "<group>"; };
		F9B8453C200628FE00A525EC /* POPBasicAnimationInternal.h */ = {isa = PBXFileReference; fileEncoding = 4; lastKnownFileType = sourcecode.c.h; path = POPBasicAnimationInternal.h; sourceTree = "<group>"; };
		F9B8453D200628FE00A525EC /* POPCGUtils.h */ = {isa = PBXFileReference; fileEncoding = 4; lastKnownFileType = sourcecode.c.h; path = POPCGUtils.h; sourceTree = "<group>"; };
		F9B8453E200628FE00A525EC /* POPCGUtils.mm */ = {isa = PBXFileReference; fileEncoding = 4; lastKnownFileType = sourcecode.cpp.objcpp; path = POPCGUtils.mm; sourceTree = "<group>"; };
		F9B8453F200628FE00A525EC /* POPCustomAnimation.h */ = {isa = PBXFileReference; fileEncoding = 4; lastKnownFileType = sourcecode.c.h; path = POPCustomAnimation.h; sourceTree = "<group>"; };
		F9B84540200628FE00A525EC /* POPCustomAnimation.mm */ = {isa = PBXFileReference; fileEncoding = 4; lastKnownFileType = sourcecode.cpp.objcpp; path = POPCustomAnimation.mm; sourceTree = "<group>"; };
		F9B84541200628FE00A525EC /* POPDecayAnimation.h */ = {isa = PBXFileReference; fileEncoding = 4; lastKnownFileType = sourcecode.c.h; path = POPDecayAnimation.h; sourceTree = "<group>"; };
		F9B84542200628FE00A525EC /* POPDecayAnimation.mm */ = {isa = PBXFileReference; fileEncoding = 4; lastKnownFileType = sourcecode.cpp.objcpp; path = POPDecayAnimation.mm; sourceTree = "<group>"; };
		F9B84543200628FE00A525EC /* POPDecayAnimationInternal.h */ = {isa = PBXFileReference; fileEncoding = 4; lastKnownFileType = sourcecode.c.h; path = POPDecayAnimationInternal.h; sourceTree = "<group>"; };
		F9B84544200628FE00A525EC /* POPDefines.h */ = {isa = PBXFileReference; fileEncoding = 4; lastKnownFileType = sourcecode.c.h; path = POPDefines.h; sourceTree = "<group>"; };
		F9B84545200628FE00A525EC /* POPGeometry.h */ = {isa = PBXFileReference; fileEncoding = 4; lastKnownFileType = sourcecode.c.h; path = POPGeometry.h; sourceTree = "<group>"; };
		F9B84546200628FE00A525EC /* POPGeometry.mm */ = {isa = PBXFileReference; fileEncoding = 4; lastKnownFileType = sourcecode.cpp.objcpp; path = POPGeometry.mm; sourceTree = "<group>"; };
		F9B84547200628FE00A525EC /* POPLayerExtras.h */ = {isa = PBXFileReference; fileEncoding = 4; lastKnownFileType = sourcecode.c.h; path = POPLayerExtras.h; sourceTree = "<group>"; };
		F9B84548200628FE00A525EC /* POPLayerExtras.mm */ = {isa = PBXFileReference; fileEncoding = 4; lastKnownFileType = sourcecode.cpp.objcpp; path = POPLayerExtras.mm; sourceTree = "<group>"; };
		F9B84549200628FE00A525EC /* POPMath.h */ = {isa = PBXFileReference; fileEncoding = 4; lastKnownFileType = sourcecode.c.h; path = POPMath.h; sourceTree = "<group>"; };
		F9B8454A200628FE00A525EC /* POPMath.mm */ = {isa = PBXFileReference; fileEncoding = 4; lastKnownFileType = sourcecode.cpp.objcpp; path = POPMath.mm; sourceTree = "<group>"; };
		F9B8454B200628FE00A525EC /* POPPropertyAnimation.h */ = {isa = PBXFileReference; fileEncoding = 4; lastKnownFileType = sourcecode.c.h; path = POPPropertyAnimation.h; sourceTree = "<group>"; };
		F9B8454C200628FE00A525EC /* POPPropertyAnimation.mm */ = {isa = PBXFileReference; fileEncoding = 4; lastKnownFileType = sourcecode.cpp.objcpp; path = POPPropertyAnimation.mm; sourceTree = "<group>"; };
		F9B8454D200628FE00A525EC /* POPPropertyAnimationInternal.h */ = {isa = PBXFileReference; fileEncoding = 4; lastKnownFileType = sourcecode.c.h; path = POPPropertyAnimationInternal.h; sourceTree = "<group>"; };
		F9B8454E200628FE00A525EC /* POPSpringAnimation.h */ = {isa = PBXFileReference; fileEncoding = 4; lastKnownFileType = sourcecode.c.h; path = POPSpringAnimation.h; sourceTree = "<group>"; };
		F9B8454F200628FE00A525EC /* POPSpringAnimation.mm */ = {isa = PBXFileReference; fileEncoding = 4; lastKnownFileType = sourcecode.cpp.objcpp; path = POPSpringAnimation.mm; sourceTree = "<group>"; };
		F9B84550200628FE00A525EC /* POPSpringAnimationInternal.h */ = {isa = PBXFileReference; fileEncoding = 4; lastKnownFileType = sourcecode.c.h; path = POPSpringAnimationInternal.h; sourceTree = "<group>"; };
		F9B84551200628FE00A525EC /* POPSpringSolver.h */ = {isa = PBXFileReference; fileEncoding = 4; lastKnownFileType = sourcecode.c.h; path = POPSpringSolver.h; sourceTree = "<group>"; };
		F9B84552200628FE00A525EC /* POPVector.h */ = {isa = PBXFileReference; fileEncoding = 4; lastKnownFileType = sourcecode.c.h; path = POPVector.h; sourceTree = "<group>"; };
		F9B84553200628FE00A525EC /* POPVector.mm */ = {isa = PBXFileReference; fileEncoding = 4; lastKnownFileType = sourcecode.cpp.objcpp; path = POPVector.mm; sourceTree = "<group>"; };
		F9B84555200628FE00A525EC /* FloatConversion.h */ = {isa = PBXFileReference; fileEncoding = 4; lastKnownFileType = sourcecode.c.h; path = FloatConversion.h; sourceTree = "<group>"; };
		F9B84556200628FE00A525EC /* TransformationMatrix.cpp */ = {isa = PBXFileReference; fileEncoding = 4; lastKnownFileType = sourcecode.cpp.cpp; path = TransformationMatrix.cpp; sourceTree = "<group>"; };
		F9B84557200628FE00A525EC /* TransformationMatrix.h */ = {isa = PBXFileReference; fileEncoding = 4; lastKnownFileType = sourcecode.c.h; path = TransformationMatrix.h; sourceTree = "<group>"; };
		F9B84558200628FE00A525EC /* UnitBezier.h */ = {isa = PBXFileReference; fileEncoding = 4; lastKnownFileType = sourcecode.c.h; path = UnitBezier.h; sourceTree = "<group>"; };
		F9B8456E20063FAA00A525EC /* UIBezierPath+Points.h */ = {isa = PBXFileReference; lastKnownFileType = sourcecode.c.h; path = "UIBezierPath+Points.h"; sourceTree = "<group>"; };
		F9B8456F20063FAA00A525EC /* UIBezierPath+Points.m */ = {isa = PBXFileReference; lastKnownFileType = sourcecode.c.objc; path = "UIBezierPath+Points.m"; sourceTree = "<group>"; };
		F9EF5CD91FCD54BB00413894 /* TestCollectionLayout.app */ = {isa = PBXFileReference; explicitFileType = wrapper.application; includeInIndex = 0; path = TestCollectionLayout.app; sourceTree = BUILT_PRODUCTS_DIR; };
		F9EF5CDC1FCD54BB00413894 /* AppDelegate.h */ = {isa = PBXFileReference; lastKnownFileType = sourcecode.c.h; path = AppDelegate.h; sourceTree = "<group>"; };
		F9EF5CDD1FCD54BB00413894 /* AppDelegate.m */ = {isa = PBXFileReference; lastKnownFileType = sourcecode.c.objc; path = AppDelegate.m; sourceTree = "<group>"; };
		F9EF5CDF1FCD54BB00413894 /* ViewController.h */ = {isa = PBXFileReference; lastKnownFileType = sourcecode.c.h; path = ViewController.h; sourceTree = "<group>"; };
		F9EF5CE01FCD54BB00413894 /* ViewController.m */ = {isa = PBXFileReference; lastKnownFileType = sourcecode.c.objc; path = ViewController.m; sourceTree = "<group>"; };
		F9EF5CE31FCD54BB00413894 /* Base */ = {isa = PBXFileReference; lastKnownFileType = file.storyboard; name = Base; path = Base.lproj/Main.storyboard; sourceTree = "<group>"; };
		F9EF5CE51FCD54BB00413894 /* Assets.xcassets */ = {isa = PBXFileReference; lastKnownFileType = folder.assetcatalog; path = Assets.xcassets; sourceTree = "<group>"; };
		F9EF5CE81FCD54BB00413894 /* Base */ = {isa = PBXFileReference; lastKnownFileType = file.storyboard; name = Base; path = Base.lproj/LaunchScreen.storyboard; sourceTree = "<group>"; };
		F9EF5CEA1FCD54BB00413894 /* Info.plist */ = {isa = PBXFileReference; lastKnownFileType = text.plist.xml; path = Info.plist; sourceTree = "<group>"; };
		F9EF5CEB1FCD54BB00413894 /* main.m */ = {isa = PBXFileReference; lastKnownFileType = sourcecode.c.objc; path = main.m; sourceTree = "<group>"; };
		F9EF5CF31FCD54CE00413894 /* CustomCollectionLayoutController.h */ = {isa = PBXFileReference; lastKnownFileType = sourcecode.c.h; path = CustomCollectionLayoutController.h; sourceTree = "<group>"; };
		F9EF5CF51FCD54CE00413894 /* CustomCollectionLayoutController.m */ = {isa = PBXFileReference; lastKnownFileType = sourcecode.c.objc; path = CustomCollectionLayoutController.m; sourceTree = "<group>"; };
		F9EF5CFB1FCD551A00413894 /* CollectionViewCell.h */ = {isa = PBXFileReference; lastKnownFileType = sourcecode.c.h; path = CollectionViewCell.h; sourceTree = "<group>"; };
		F9EF5CFC1FCD551A00413894 /* CollectionViewCell.m */ = {isa = PBXFileReference; lastKnownFileType = sourcecode.c.objc; path = CollectionViewCell.m; sourceTree = "<group>"; };
		F9EF5CFD1FCD551A00413894 /* CollectionViewCell.xib */ = {isa = PBXFileReference; lastKnownFileType = file.xib; path = CollectionViewCell.xib; sourceTree = "<group>"; };
		F9F63B401FCD567B00000C12 /* Reveal.framework */ = {isa = PBXFileReference; lastKnownFileType = wrapper.framework; path = Reveal.framework; sourceTree = "<group>"; };
		F9F63B4F1FCD87BE00000C12 /* CircleLayout.h */ = {isa = PBXFileReference; fileEncoding = 4; lastKnownFileType = sourcecode.c.h; path = CircleLayout.h; sourceTree = "<group>"; };
		F9F63B501FCD87BE00000C12 /* CircleLayout.m */ = {isa = PBXFileReference; fileEncoding = 4; lastKnownFileType = sourcecode.c.objc; path = CircleLayout.m; sourceTree = "<group>"; };
		F9F63B511FCD87BE00000C12 /* CustomCollectionViewLayout.h */ = {isa = PBXFileReference; fileEncoding = 4; lastKnownFileType = sourcecode.c.h; path = CustomCollectionViewLayout.h; sourceTree = "<group>"; };
		F9F63B521FCD87BE00000C12 /* CustomCollectionViewLayout.m */ = {isa = PBXFileReference; fileEncoding = 4; lastKnownFileType = sourcecode.c.objc; path = CustomCollectionViewLayout.m; sourceTree = "<group>"; };
		F9F63B531FCD87BE00000C12 /* CustomFlowLayout.h */ = {isa = PBXFileReference; fileEncoding = 4; lastKnownFileType = sourcecode.c.h; path = CustomFlowLayout.h; sourceTree = "<group>"; };
		F9F63B541FCD87BE00000C12 /* CustomFlowLayout.m */ = {isa = PBXFileReference; fileEncoding = 4; lastKnownFileType = sourcecode.c.objc; path = CustomFlowLayout.m; sourceTree = "<group>"; };
		F9F63B551FCD87BE00000C12 /* CustomFlowLayout2.h */ = {isa = PBXFileReference; fileEncoding = 4; lastKnownFileType = sourcecode.c.h; path = CustomFlowLayout2.h; sourceTree = "<group>"; };
		F9F63B561FCD87BE00000C12 /* CustomFlowLayout2.m */ = {isa = PBXFileReference; fileEncoding = 4; lastKnownFileType = sourcecode.c.objc; path = CustomFlowLayout2.m; sourceTree = "<group>"; };
		F9F63B571FCD87BE00000C12 /* SquareLayout.h */ = {isa = PBXFileReference; fileEncoding = 4; lastKnownFileType = sourcecode.c.h; path = SquareLayout.h; sourceTree = "<group>"; };
		F9F63B581FCD87BE00000C12 /* SquareLayout.m */ = {isa = PBXFileReference; fileEncoding = 4; lastKnownFileType = sourcecode.c.objc; path = SquareLayout.m; sourceTree = "<group>"; };
		F9F63B591FCD87BE00000C12 /* WaterFlowLayout.h */ = {isa = PBXFileReference; fileEncoding = 4; lastKnownFileType = sourcecode.c.h; path = WaterFlowLayout.h; sourceTree = "<group>"; };
		F9F63B5A1FCD87BE00000C12 /* WaterFlowLayout.m */ = {isa = PBXFileReference; fileEncoding = 4; lastKnownFileType = sourcecode.c.objc; path = WaterFlowLayout.m; sourceTree = "<group>"; };
/* End PBXFileReference section */

/* Begin PBXFrameworksBuildPhase section */
		F9EF5CD61FCD54BB00413894 /* Frameworks */ = {
			isa = PBXFrameworksBuildPhase;
			buildActionMask = 2147483647;
			files = (
			);
			runOnlyForDeploymentPostprocessing = 0;
		};
/* End PBXFrameworksBuildPhase section */

/* Begin PBXGroup section */
		241959CEC64CEA3FBB6B5790 /* Frameworks */ = {
			isa = PBXGroup;
			children = (
				6022D93180376ECECA6C39C5 /* libPods-TestCollectionLayout.a */,
			);
			name = Frameworks;
			sourceTree = "<group>";
		};
		F956042A2021D56800C62C7C /* CustomView */ = {
			isa = PBXGroup;
			children = (
				F956042D2021D57900C62C7C /* PDSectionHeadView.h */,
				F956042E2021D57900C62C7C /* PDSectionHeadView.m */,
			);
			path = CustomView;
			sourceTree = "<group>";
		};
		F9B843202004E80700A525EC /* LearnCoreGraphics */ = {
			isa = PBXGroup;
			children = (
				F9B843212004E80700A525EC /* CGView0.h */,
				F9B843222004E80700A525EC /* CGView0.m */,
				F9B843232004E80700A525EC /* CGViewController.h */,
				F9B843242004E80700A525EC /* CGViewController.m */,
			);
			path = LearnCoreGraphics;
			sourceTree = "<group>";
		};
		F9B843252004E80700A525EC /* LearnStepNetRequest */ = {
			isa = PBXGroup;
			children = (
				F9B8432B2004E82E00A525EC /* NetRequestViewController.h */,
				F9B8432C2004E82E00A525EC /* NetRequestViewController.m */,
			);
			path = LearnStepNetRequest;
			sourceTree = "<group>";
		};
		F9B8432E2005BE7300A525EC /* PopAnimate */ = {
			isa = PBXGroup;
			children = (
				F9B8432F2005BE8A00A525EC /* RSPlayPauseButton.h */,
				F9B843302005BE8A00A525EC /* RSPlayPauseButton.m */,
				F9B843322005C6BC00A525EC /* RSAnimateViewController.h */,
				F9B843332005C6BC00A525EC /* RSAnimateViewController.m */,
				F9B844B22006277100A525EC /* PopAnimationViewController.h */,
				F9B844B32006277100A525EC /* PopAnimationViewController.m */,
				F9B8456E20063FAA00A525EC /* UIBezierPath+Points.h */,
				F9B8456F20063FAA00A525EC /* UIBezierPath+Points.m */,
			);
			path = PopAnimate;
			sourceTree = "<group>";
		};
		F9B8451F200628FE00A525EC /* pop */ = {
			isa = PBXGroup;
			children = (
				F9B84520200628FE00A525EC /* module.modulemap */,
				F9B84521200628FE00A525EC /* pop-ios-Info.plist */,
				F9B84522200628FE00A525EC /* pop-osx-Info.plist */,
				F9B84523200628FE00A525EC /* pop-tvos-Info.plist */,
				F9B84524200628FE00A525EC /* POP.h */,
				F9B84525200628FE00A525EC /* POPAction.h */,
				F9B84526200628FE00A525EC /* POPAnimatableProperty.h */,
				F9B84527200628FE00A525EC /* POPAnimatableProperty.mm */,
				F9B84528200628FE00A525EC /* POPAnimatablePropertyTypes.h */,
				F9B84529200628FE00A525EC /* POPAnimation.h */,
				F9B8452A200628FE00A525EC /* POPAnimation.mm */,
				F9B8452B200628FE00A525EC /* POPAnimationEvent.h */,
				F9B8452C200628FE00A525EC /* POPAnimationEvent.mm */,
				F9B8452D200628FE00A525EC /* POPAnimationEventInternal.h */,
				F9B8452E200628FE00A525EC /* POPAnimationExtras.h */,
				F9B8452F200628FE00A525EC /* POPAnimationExtras.mm */,
				F9B84530200628FE00A525EC /* POPAnimationInternal.h */,
				F9B84531200628FE00A525EC /* POPAnimationPrivate.h */,
				F9B84532200628FE00A525EC /* POPAnimationRuntime.h */,
				F9B84533200628FE00A525EC /* POPAnimationRuntime.mm */,
				F9B84534200628FE00A525EC /* POPAnimationTracer.h */,
				F9B84535200628FE00A525EC /* POPAnimationTracer.mm */,
				F9B84536200628FE00A525EC /* POPAnimationTracerInternal.h */,
				F9B84537200628FE00A525EC /* POPAnimator.h */,
				F9B84538200628FE00A525EC /* POPAnimator.mm */,
				F9B84539200628FE00A525EC /* POPAnimatorPrivate.h */,
				F9B8453A200628FE00A525EC /* POPBasicAnimation.h */,
				F9B8453B200628FE00A525EC /* POPBasicAnimation.mm */,
				F9B8453C200628FE00A525EC /* POPBasicAnimationInternal.h */,
				F9B8453D200628FE00A525EC /* POPCGUtils.h */,
				F9B8453E200628FE00A525EC /* POPCGUtils.mm */,
				F9B8453F200628FE00A525EC /* POPCustomAnimation.h */,
				F9B84540200628FE00A525EC /* POPCustomAnimation.mm */,
				F9B84541200628FE00A525EC /* POPDecayAnimation.h */,
				F9B84542200628FE00A525EC /* POPDecayAnimation.mm */,
				F9B84543200628FE00A525EC /* POPDecayAnimationInternal.h */,
				F9B84544200628FE00A525EC /* POPDefines.h */,
				F9B84545200628FE00A525EC /* POPGeometry.h */,
				F9B84546200628FE00A525EC /* POPGeometry.mm */,
				F9B84547200628FE00A525EC /* POPLayerExtras.h */,
				F9B84548200628FE00A525EC /* POPLayerExtras.mm */,
				F9B84549200628FE00A525EC /* POPMath.h */,
				F9B8454A200628FE00A525EC /* POPMath.mm */,
				F9B8454B200628FE00A525EC /* POPPropertyAnimation.h */,
				F9B8454C200628FE00A525EC /* POPPropertyAnimation.mm */,
				F9B8454D200628FE00A525EC /* POPPropertyAnimationInternal.h */,
				F9B8454E200628FE00A525EC /* POPSpringAnimation.h */,
				F9B8454F200628FE00A525EC /* POPSpringAnimation.mm */,
				F9B84550200628FE00A525EC /* POPSpringAnimationInternal.h */,
				F9B84551200628FE00A525EC /* POPSpringSolver.h */,
				F9B84552200628FE00A525EC /* POPVector.h */,
				F9B84553200628FE00A525EC /* POPVector.mm */,
				F9B84554200628FE00A525EC /* WebCore */,
			);
			path = pop;
			sourceTree = "<group>";
		};
		F9B84554200628FE00A525EC /* WebCore */ = {
			isa = PBXGroup;
			children = (
				F9B84555200628FE00A525EC /* FloatConversion.h */,
				F9B84556200628FE00A525EC /* TransformationMatrix.cpp */,
				F9B84557200628FE00A525EC /* TransformationMatrix.h */,
				F9B84558200628FE00A525EC /* UnitBezier.h */,
			);
			path = WebCore;
			sourceTree = "<group>";
		};
		F9EF5CD01FCD54BB00413894 = {
			isa = PBXGroup;
			children = (
				F9EF5CDB1FCD54BB00413894 /* TestCollectionLayout */,
				F9EF5CDA1FCD54BB00413894 /* Products */,
				241959CEC64CEA3FBB6B5790 /* Frameworks */,
			);
			sourceTree = "<group>";
		};
		F9EF5CDA1FCD54BB00413894 /* Products */ = {
			isa = PBXGroup;
			children = (
				F9EF5CD91FCD54BB00413894 /* TestCollectionLayout.app */,
			);
			name = Products;
			sourceTree = "<group>";
		};
		F9EF5CDB1FCD54BB00413894 /* TestCollectionLayout */ = {
			isa = PBXGroup;
			children = (
				F956042A2021D56800C62C7C /* CustomView */,
				F9B8451F200628FE00A525EC /* pop */,
				F9B8432E2005BE7300A525EC /* PopAnimate */,
				F9B843202004E80700A525EC /* LearnCoreGraphics */,
				F9B843252004E80700A525EC /* LearnStepNetRequest */,
				F9F63B4E1FCD87BE00000C12 /* layouts */,
				F9EF5CDC1FCD54BB00413894 /* AppDelegate.h */,
				F9EF5CDD1FCD54BB00413894 /* AppDelegate.m */,
				F9EF5CDF1FCD54BB00413894 /* ViewController.h */,
				F9EF5CE01FCD54BB00413894 /* ViewController.m */,
				F9EF5CF31FCD54CE00413894 /* CustomCollectionLayoutController.h */,
				F9EF5CF51FCD54CE00413894 /* CustomCollectionLayoutController.m */,
				F9EF5CFB1FCD551A00413894 /* CollectionViewCell.h */,
				F9EF5CFC1FCD551A00413894 /* CollectionViewCell.m */,
				F9EF5CFD1FCD551A00413894 /* CollectionViewCell.xib */,
				F9EF5CE21FCD54BB00413894 /* Main.storyboard */,
				F9EF5CE51FCD54BB00413894 /* Assets.xcassets */,
				F9EF5CE71FCD54BB00413894 /* LaunchScreen.storyboard */,
				F9EF5CEA1FCD54BB00413894 /* Info.plist */,
				F9EF5CEB1FCD54BB00413894 /* main.m */,
				F9F63B401FCD567B00000C12 /* Reveal.framework */,
			);
			path = TestCollectionLayout;
			sourceTree = "<group>";
		};
		F9F63B4E1FCD87BE00000C12 /* layouts */ = {
			isa = PBXGroup;
			children = (
				F9F63B4F1FCD87BE00000C12 /* CircleLayout.h */,
				F9F63B501FCD87BE00000C12 /* CircleLayout.m */,
				F9F63B511FCD87BE00000C12 /* CustomCollectionViewLayout.h */,
				F9F63B521FCD87BE00000C12 /* CustomCollectionViewLayout.m */,
				F9F63B531FCD87BE00000C12 /* CustomFlowLayout.h */,
				F9F63B541FCD87BE00000C12 /* CustomFlowLayout.m */,
				F9F63B551FCD87BE00000C12 /* CustomFlowLayout2.h */,
				F9F63B561FCD87BE00000C12 /* CustomFlowLayout2.m */,
				F9F63B571FCD87BE00000C12 /* SquareLayout.h */,
				F9F63B581FCD87BE00000C12 /* SquareLayout.m */,
				F9F63B591FCD87BE00000C12 /* WaterFlowLayout.h */,
				F9F63B5A1FCD87BE00000C12 /* WaterFlowLayout.m */,
			);
			path = layouts;
			sourceTree = "<group>";
		};
/* End PBXGroup section */

/* Begin PBXNativeTarget section */
		F9EF5CD81FCD54BB00413894 /* TestCollectionLayout */ = {
			isa = PBXNativeTarget;
			buildConfigurationList = F9EF5CEF1FCD54BB00413894 /* Build configuration list for PBXNativeTarget "TestCollectionLayout" */;
			buildPhases = (
				F9EF5CD51FCD54BB00413894 /* Sources */,
				F9EF5CD61FCD54BB00413894 /* Frameworks */,
				F9EF5CD71FCD54BB00413894 /* Resources */,
			);
			buildRules = (
			);
			dependencies = (
			);
			name = TestCollectionLayout;
			productName = TestCollectionLayout;
			productReference = F9EF5CD91FCD54BB00413894 /* TestCollectionLayout.app */;
			productType = "com.apple.product-type.application";
		};
/* End PBXNativeTarget section */

/* Begin PBXProject section */
		F9EF5CD11FCD54BB00413894 /* Project object */ = {
			isa = PBXProject;
			attributes = {
				LastUpgradeCheck = 0900;
				ORGANIZATIONNAME = XXT;
				TargetAttributes = {
					F9EF5CD81FCD54BB00413894 = {
						CreatedOnToolsVersion = 9.0;
						ProvisioningStyle = Manual;
					};
				};
			};
			buildConfigurationList = F9EF5CD41FCD54BB00413894 /* Build configuration list for PBXProject "TestCollectionLayout" */;
			compatibilityVersion = "Xcode 8.0";
			developmentRegion = en;
			hasScannedForEncodings = 0;
			knownRegions = (
				en,
				Base,
			);
			mainGroup = F9EF5CD01FCD54BB00413894;
			productRefGroup = F9EF5CDA1FCD54BB00413894 /* Products */;
			projectDirPath = "";
			projectRoot = "";
			targets = (
				F9EF5CD81FCD54BB00413894 /* TestCollectionLayout */,
			);
		};
/* End PBXProject section */

/* Begin PBXResourcesBuildPhase section */
		F9EF5CD71FCD54BB00413894 /* Resources */ = {
			isa = PBXResourcesBuildPhase;
			buildActionMask = 2147483647;
			files = (
				F9B8455B200628FE00A525EC /* pop-tvos-Info.plist in Resources */,
				F9B84559200628FE00A525EC /* pop-ios-Info.plist in Resources */,
				F9B8455A200628FE00A525EC /* pop-osx-Info.plist in Resources */,
				F9EF5CE91FCD54BB00413894 /* LaunchScreen.storyboard in Resources */,
				F9EF5CE61FCD54BB00413894 /* Assets.xcassets in Resources */,
				F9EF5CFF1FCD551A00413894 /* CollectionViewCell.xib in Resources */,
				F9EF5CE41FCD54BB00413894 /* Main.storyboard in Resources */,
			);
			runOnlyForDeploymentPostprocessing = 0;
		};
/* End PBXResourcesBuildPhase section */

/* Begin PBXSourcesBuildPhase section */
		F9EF5CD51FCD54BB00413894 /* Sources */ = {
			isa = PBXSourcesBuildPhase;
			buildActionMask = 2147483647;
			files = (
				F9F63B5F1FCD87BE00000C12 /* SquareLayout.m in Sources */,
				F956042F2021D57900C62C7C /* PDSectionHeadView.m in Sources */,
				F9B84560200628FE00A525EC /* POPAnimationRuntime.mm in Sources */,
				F9B8456B200628FE00A525EC /* POPSpringAnimation.mm in Sources */,
				F9B84567200628FE00A525EC /* POPGeometry.mm in Sources */,
				F9B8455E200628FE00A525EC /* POPAnimationEvent.mm in Sources */,
				F9B844B42006277100A525EC /* PopAnimationViewController.m in Sources */,
				F9B8455F200628FE00A525EC /* POPAnimationExtras.mm in Sources */,
				F9B8455C200628FE00A525EC /* POPAnimatableProperty.mm in Sources */,
				F9B8455D200628FE00A525EC /* POPAnimation.mm in Sources */,
				F9B843292004E80800A525EC /* CGViewController.m in Sources */,
				F9B84565200628FE00A525EC /* POPCustomAnimation.mm in Sources */,
				F9B84566200628FE00A525EC /* POPDecayAnimation.mm in Sources */,
				F9EF5CF91FCD54CE00413894 /* CustomCollectionLayoutController.m in Sources */,
				F9F63B601FCD87BE00000C12 /* WaterFlowLayout.m in Sources */,
				F9B8456D200628FE00A525EC /* TransformationMatrix.cpp in Sources */,
				F9B84563200628FE00A525EC /* POPBasicAnimation.mm in Sources */,
				F9EF5CE11FCD54BB00413894 /* ViewController.m in Sources */,
				F9EF5CEC1FCD54BB00413894 /* main.m in Sources */,
				F9B843312005BE8A00A525EC /* RSPlayPauseButton.m in Sources */,
				F9B843342005C6BC00A525EC /* RSAnimateViewController.m in Sources */,
				F9B843282004E80800A525EC /* CGView0.m in Sources */,
				F9B8456A200628FE00A525EC /* POPPropertyAnimation.mm in Sources */,
				F9EF5CDE1FCD54BB00413894 /* AppDelegate.m in Sources */,
				F9B84562200628FE00A525EC /* POPAnimator.mm in Sources */,
				F9EF5CFE1FCD551A00413894 /* CollectionViewCell.m in Sources */,
				F9B8456C200628FE00A525EC /* POPVector.mm in Sources */,
				F9B84568200628FE00A525EC /* POPLayerExtras.mm in Sources */,
				F9F63B5B1FCD87BE00000C12 /* CircleLayout.m in Sources */,
				F9B8432D2004E82E00A525EC /* NetRequestViewController.m in Sources */,
				F9F63B5D1FCD87BE00000C12 /* CustomFlowLayout.m in Sources */,
				F9B84561200628FE00A525EC /* POPAnimationTracer.mm in Sources */,
				F9B84569200628FE00A525EC /* POPMath.mm in Sources */,
				F9B8457020063FAA00A525EC /* UIBezierPath+Points.m in Sources */,
				F9B84564200628FE00A525EC /* POPCGUtils.mm in Sources */,
				F9F63B5E1FCD87BE00000C12 /* CustomFlowLayout2.m in Sources */,
				F9F63B5C1FCD87BE00000C12 /* CustomCollectionViewLayout.m in Sources */,
			);
			runOnlyForDeploymentPostprocessing = 0;
		};
/* End PBXSourcesBuildPhase section */

/* Begin PBXVariantGroup section */
		F9EF5CE21FCD54BB00413894 /* Main.storyboard */ = {
			isa = PBXVariantGroup;
			children = (
				F9EF5CE31FCD54BB00413894 /* Base */,
			);
			name = Main.storyboard;
			sourceTree = "<group>";
		};
		F9EF5CE71FCD54BB00413894 /* LaunchScreen.storyboard */ = {
			isa = PBXVariantGroup;
			children = (
				F9EF5CE81FCD54BB00413894 /* Base */,
			);
			name = LaunchScreen.storyboard;
			sourceTree = "<group>";
		};
/* End PBXVariantGroup section */

/* Begin XCBuildConfiguration section */
		F9EF5CED1FCD54BB00413894 /* Debug */ = {
			isa = XCBuildConfiguration;
			buildSettings = {
				ALWAYS_SEARCH_USER_PATHS = NO;
				CLANG_ANALYZER_NONNULL = YES;
				CLANG_ANALYZER_NUMBER_OBJECT_CONVERSION = YES_AGGRESSIVE;
				CLANG_CXX_LANGUAGE_STANDARD = "gnu++14";
				CLANG_CXX_LIBRARY = "libc++";
				CLANG_ENABLE_MODULES = YES;
				CLANG_ENABLE_OBJC_ARC = YES;
				CLANG_WARN_BLOCK_CAPTURE_AUTORELEASING = YES;
				CLANG_WARN_BOOL_CONVERSION = YES;
				CLANG_WARN_COMMA = YES;
				CLANG_WARN_CONSTANT_CONVERSION = YES;
				CLANG_WARN_DIRECT_OBJC_ISA_USAGE = YES_ERROR;
				CLANG_WARN_DOCUMENTATION_COMMENTS = YES;
				CLANG_WARN_EMPTY_BODY = YES;
				CLANG_WARN_ENUM_CONVERSION = YES;
				CLANG_WARN_INFINITE_RECURSION = YES;
				CLANG_WARN_INT_CONVERSION = YES;
				CLANG_WARN_NON_LITERAL_NULL_CONVERSION = YES;
				CLANG_WARN_OBJC_LITERAL_CONVERSION = YES;
				CLANG_WARN_OBJC_ROOT_CLASS = YES_ERROR;
				CLANG_WARN_RANGE_LOOP_ANALYSIS = YES;
				CLANG_WARN_STRICT_PROTOTYPES = YES;
				CLANG_WARN_SUSPICIOUS_MOVE = YES;
				CLANG_WARN_UNGUARDED_AVAILABILITY = YES_AGGRESSIVE;
				CLANG_WARN_UNREACHABLE_CODE = YES;
				CLANG_WARN__DUPLICATE_METHOD_MATCH = YES;
				CODE_SIGN_IDENTITY = "iPhone Developer";
				COPY_PHASE_STRIP = NO;
				DEBUG_INFORMATION_FORMAT = dwarf;
				ENABLE_STRICT_OBJC_MSGSEND = YES;
				ENABLE_TESTABILITY = YES;
				GCC_C_LANGUAGE_STANDARD = gnu11;
				GCC_DYNAMIC_NO_PIC = NO;
				GCC_NO_COMMON_BLOCKS = YES;
				GCC_OPTIMIZATION_LEVEL = 0;
				GCC_PREPROCESSOR_DEFINITIONS = (
					"DEBUG=1",
					"$(inherited)",
				);
				GCC_WARN_64_TO_32_BIT_CONVERSION = YES;
				GCC_WARN_ABOUT_RETURN_TYPE = YES_ERROR;
				GCC_WARN_UNDECLARED_SELECTOR = YES;
				GCC_WARN_UNINITIALIZED_AUTOS = YES_AGGRESSIVE;
				GCC_WARN_UNUSED_FUNCTION = YES;
				GCC_WARN_UNUSED_VARIABLE = YES;
				IPHONEOS_DEPLOYMENT_TARGET = 11.0;
				MTL_ENABLE_DEBUG_INFO = YES;
				ONLY_ACTIVE_ARCH = YES;
				SDKROOT = iphoneos;
			};
			name = Debug;
		};
		F9EF5CEE1FCD54BB00413894 /* Release */ = {
			isa = XCBuildConfiguration;
			buildSettings = {
				ALWAYS_SEARCH_USER_PATHS = NO;
				CLANG_ANALYZER_NONNULL = YES;
				CLANG_ANALYZER_NUMBER_OBJECT_CONVERSION = YES_AGGRESSIVE;
				CLANG_CXX_LANGUAGE_STANDARD = "gnu++14";
				CLANG_CXX_LIBRARY = "libc++";
				CLANG_ENABLE_MODULES = YES;
				CLANG_ENABLE_OBJC_ARC = YES;
				CLANG_WARN_BLOCK_CAPTURE_AUTORELEASING = YES;
				CLANG_WARN_BOOL_CONVERSION = YES;
				CLANG_WARN_COMMA = YES;
				CLANG_WARN_CONSTANT_CONVERSION = YES;
				CLANG_WARN_DIRECT_OBJC_ISA_USAGE = YES_ERROR;
				CLANG_WARN_DOCUMENTATION_COMMENTS = YES;
				CLANG_WARN_EMPTY_BODY = YES;
				CLANG_WARN_ENUM_CONVERSION = YES;
				CLANG_WARN_INFINITE_RECURSION = YES;
				CLANG_WARN_INT_CONVERSION = YES;
				CLANG_WARN_NON_LITERAL_NULL_CONVERSION = YES;
				CLANG_WARN_OBJC_LITERAL_CONVERSION = YES;
				CLANG_WARN_OBJC_ROOT_CLASS = YES_ERROR;
				CLANG_WARN_RANGE_LOOP_ANALYSIS = YES;
				CLANG_WARN_STRICT_PROTOTYPES = YES;
				CLANG_WARN_SUSPICIOUS_MOVE = YES;
				CLANG_WARN_UNGUARDED_AVAILABILITY = YES_AGGRESSIVE;
				CLANG_WARN_UNREACHABLE_CODE = YES;
				CLANG_WARN__DUPLICATE_METHOD_MATCH = YES;
				CODE_SIGN_IDENTITY = "iPhone Developer";
				COPY_PHASE_STRIP = NO;
				DEBUG_INFORMATION_FORMAT = "dwarf-with-dsym";
				ENABLE_NS_ASSERTIONS = NO;
				ENABLE_STRICT_OBJC_MSGSEND = YES;
				GCC_C_LANGUAGE_STANDARD = gnu11;
				GCC_NO_COMMON_BLOCKS = YES;
				GCC_WARN_64_TO_32_BIT_CONVERSION = YES;
				GCC_WARN_ABOUT_RETURN_TYPE = YES_ERROR;
				GCC_WARN_UNDECLARED_SELECTOR = YES;
				GCC_WARN_UNINITIALIZED_AUTOS = YES_AGGRESSIVE;
				GCC_WARN_UNUSED_FUNCTION = YES;
				GCC_WARN_UNUSED_VARIABLE = YES;
				IPHONEOS_DEPLOYMENT_TARGET = 11.0;
				MTL_ENABLE_DEBUG_INFO = NO;
				SDKROOT = iphoneos;
				VALIDATE_PRODUCT = YES;
			};
			name = Release;
		};
		F9EF5CF01FCD54BB00413894 /* Debug */ = {
			isa = XCBuildConfiguration;
			buildSettings = {
				ASSETCATALOG_COMPILER_APPICON_NAME = AppIcon;
				CODE_SIGN_STYLE = Manual;
				DEVELOPMENT_TEAM = 8J7J723R9J;
				FRAMEWORK_SEARCH_PATHS = (
					"$(inherited)",
					"$(PROJECT_DIR)/TestCollectionLayout",
				);
				INFOPLIST_FILE = TestCollectionLayout/Info.plist;
				IPHONEOS_DEPLOYMENT_TARGET = 9.0;
				LD_RUNPATH_SEARCH_PATHS = "$(inherited) @executable_path/Frameworks";
				OTHER_LDFLAGS = (
					"-ObjC",
					"-l\"z\"",
					"-framework",
					Reveal,
				);
				PRODUCT_BUNDLE_IDENTIFIER = com.colorsaga.develop;
				PRODUCT_NAME = "$(TARGET_NAME)";
				PROVISIONING_PROFILE = "f951bf83-c2b1-46bf-bb0a-dbe0e4c51806";
				PROVISIONING_PROFILE_SPECIFIER = com.colorsaga.develop_developCert;
				TARGETED_DEVICE_FAMILY = "1,2";
			};
			name = Debug;
		};
		F9EF5CF11FCD54BB00413894 /* Release */ = {
			isa = XCBuildConfiguration;
			buildSettings = {
				ASSETCATALOG_COMPILER_APPICON_NAME = AppIcon;
				CODE_SIGN_STYLE = Manual;
				DEVELOPMENT_TEAM = "";
				FRAMEWORK_SEARCH_PATHS = (
					"$(inherited)",
					"$(PROJECT_DIR)/TestCollectionLayout",
				);
				INFOPLIST_FILE = TestCollectionLayout/Info.plist;
				IPHONEOS_DEPLOYMENT_TARGET = 9.0;
				LD_RUNPATH_SEARCH_PATHS = "$(inherited) @executable_path/Frameworks";
				PRODUCT_BUNDLE_IDENTIFIER = com.colorsaga.develop;
				PRODUCT_NAME = "$(TARGET_NAME)";
				PROVISIONING_PROFILE_SPECIFIER = "";
				TARGETED_DEVICE_FAMILY = "1,2";
			};
			name = Release;
		};
/* End XCBuildConfiguration section */

/* Begin XCConfigurationList section */
		F9EF5CD41FCD54BB00413894 /* Build configuration list for PBXProject "TestCollectionLayout" */ = {
			isa = XCConfigurationList;
			buildConfigurations = (
				F9EF5CED1FCD54BB00413894 /* Debug */,
				F9EF5CEE1FCD54BB00413894 /* Release */,
			);
			defaultConfigurationIsVisible = 0;
			defaultConfigurationName = Release;
		};
		F9EF5CEF1FCD54BB00413894 /* Build configuration list for PBXNativeTarget "TestCollectionLayout" */ = {
			isa = XCConfigurationList;
			buildConfigurations = (
				F9EF5CF01FCD54BB00413894 /* Debug */,
				F9EF5CF11FCD54BB00413894 /* Release */,
			);
			defaultConfigurationIsVisible = 0;
			defaultConfigurationName = Release;
		};
/* End XCConfigurationList section */
	};
	rootObject = F9EF5CD11FCD54BB00413894 /* Project object */;
}
